<Solution>
  <Project Path="Assembly-CSharp.csproj" />
  <Project Path="PlayFab.csproj" />
  <Project Path="PlayFabEditorExtensions.csproj" />
  <Project Path="Unified.Universal.Blur.csproj" />
  <Project Path="PlayFabSDKEditor.csproj" />
  <Project Path="Unified.Universal.Blur.Editor.csproj" />
  <Project Path="Assembly-CSharp-Editor.csproj" />
</Solution>
